
Microsoft Visual Studio Solution File, Format Version 12.00
# Visual Studio Version 16
VisualStudioVersion = 16.0.30204.135
MinimumVisualStudioVersion = 10.0.40219.1
Project("{8BC9CEB8-8B4A-11D0-8D11-00A0C91BC942}") = "BrainFuck Interpreter", "BrainFuck Interpreter\BrainFuck Interpreter.vcxproj", "{3052A3BD-29A9-45C0-BF39-D13CD624914D}"
EndProject
Global
	GlobalSection(SolutionConfigurationPlatforms) = preSolution
		Debug|x64 = Debug|x64
		Debug|x86 = Debug|x86
		Release|x64 = Release|x64
		Release|x86 = Release|x86
	EndGlobalSection
	GlobalSection(ProjectConfigurationPlatforms) = postSolution
		{3052A3BD-29A9-45C0-BF39-D13CD624914D}.Debug|x64.ActiveCfg = Debug|x64
		{3052A3BD-29A9-45C0-BF39-D13CD624914D}.Debug|x64.Build.0 = Debug|x64
		{3052A3BD-29A9-45C0-BF39-D13CD624914D}.Debug|x86.ActiveCfg = Debug|Win32
		{3052A3BD-29A9-45C0-BF39-D13CD624914D}.Debug|x86.Build.0 = Debug|Win32
		{3052A3BD-29A9-45C0-BF39-D13CD624914D}.Release|x64.ActiveCfg = Release|x64
		{3052A3BD-29A9-45C0-BF39-D13CD624914D}.Release|x64.Build.0 = Release|x64
		{3052A3BD-29A9-45C0-BF39-D13CD624914D}.Release|x86.ActiveCfg = Release|Win32
		{3052A3BD-29A9-45C0-BF39-D13CD624914D}.Release|x86.Build.0 = Release|Win32
	EndGlobalSection
	GlobalSection(SolutionProperties) = preSolution
		HideSolutionNode = FALSE
	EndGlobalSection
	GlobalSection(ExtensibilityGlobals) = postSolution
		SolutionGuid = {F36A64F2-A1BE-47D6-949B-A576501DD5CE}
	EndGlobalSection
EndGlobal
